
Microsoft Visual Studio Solution File, Format Version 12.00
# Visual Studio Version 17
VisualStudioVersion = 17.4.33213.308
MinimumVisualStudioVersion = 10.0.40219.1
Project("{FAE04EC0-301F-11D3-BF4B-00C04F79EFBC}") = "trigger", "trigger\trigger.csproj", "{4DE1C441-1157-44C7-980B-43260EAF9772}"
EndProject
Global
	GlobalSection(SolutionConfigurationPlatforms) = preSolution
		Debug|Any CPU = Debug|Any CPU
		Release|Any CPU = Release|Any CPU
	EndGlobalSection
	GlobalSection(ProjectConfigurationPlatforms) = postSolution
		{4DE1C441-1157-44C7-980B-43260EAF9772}.Debug|Any CPU.ActiveCfg = Debug|Any CPU
		{4DE1C441-1157-44C7-980B-43260EAF9772}.Debug|Any CPU.Build.0 = Debug|Any CPU
		{4DE1C441-1157-44C7-980B-43260EAF9772}.Release|Any CPU.ActiveCfg = Release|Any CPU
		{4DE1C441-1157-44C7-980B-43260EAF9772}.Release|Any CPU.Build.0 = Release|Any CPU
	EndGlobalSection
	GlobalSection(SolutionProperties) = preSolution
		HideSolutionNode = FALSE
	EndGlobalSection
	GlobalSection(ExtensibilityGlobals) = postSolution
		SolutionGuid = {1EE5735E-7230-4FB5-ACBF-DCB9DD329A3B}
	EndGlobalSection
EndGlobal
